
Microsoft Visual Studio Solution File, Format Version 12.00
# Visual Studio Version 16
VisualStudioVersion = 16.0.30114.105
MinimumVisualStudioVersion = 10.0.40219.1
Project("{FAE04EC0-301F-11D3-BF4B-00C04F79EFBC}") = "MovieWebapi", "MovieWebapi\MovieWebapi.csproj", "{FF725F99-1384-4ABE-995F-089B54CE17DB}"
EndProject
Global
	GlobalSection(SolutionConfigurationPlatforms) = preSolution
		Debug|Any CPU = Debug|Any CPU
		Release|Any CPU = Release|Any CPU
	EndGlobalSection
	GlobalSection(SolutionProperties) = preSolution
		HideSolutionNode = FALSE
	EndGlobalSection
	GlobalSection(ProjectConfigurationPlatforms) = postSolution
		{FF725F99-1384-4ABE-995F-089B54CE17DB}.Debug|Any CPU.ActiveCfg = Debug|Any CPU
		{FF725F99-1384-4ABE-995F-089B54CE17DB}.Debug|Any CPU.Build.0 = Debug|Any CPU
		{FF725F99-1384-4ABE-995F-089B54CE17DB}.Release|Any CPU.ActiveCfg = Release|Any CPU
		{FF725F99-1384-4ABE-995F-089B54CE17DB}.Release|Any CPU.Build.0 = Release|Any CPU
	EndGlobalSection
EndGlobal
